// !$*UTF8*$!
{
	archiveVersion = 1;
	classes = {
	};
	objectVersion = 56;
	objects = {

/* Begin PBXBuildFile section */
		E00AA5CF2AE01B9D00CEA65E /* AppDelegate.swift in Sources */ = {isa = PBXBuildFile; fileRef = E00AA5CE2AE01B9D00CEA65E /* AppDelegate.swift */; };
		E00AA5D12AE01B9D00CEA65E /* SceneDelegate.swift in Sources */ = {isa = PBXBuildFile; fileRef = E00AA5D02AE01B9D00CEA65E /* SceneDelegate.swift */; };
		E00AA5D32AE01B9D00CEA65E /* ViewController.swift in Sources */ = {isa = PBXBuildFile; fileRef = E00AA5D22AE01B9D00CEA65E /* ViewController.swift */; };
		E00AA5D62AE01B9E00CEA65E /* Main.storyboard in Resources */ = {isa = PBXBuildFile; fileRef = E00AA5D42AE01B9E00CEA65E /* Main.storyboard */; };
		E00AA5D82AE01BA000CEA65E /* Assets.xcassets in Resources */ = {isa = PBXBuildFile; fileRef = E00AA5D72AE01BA000CEA65E /* Assets.xcassets */; };
		E00AA5E62AE01BA000CEA65E /* WeatherViewModelTest.swift in Sources */ = {isa = PBXBuildFile; fileRef = E00AA5E52AE01BA000CEA65E /* WeatherViewModelTest.swift */; };
		E00AA5F02AE01BA000CEA65E /* CaseStudyUITests.swift in Sources */ = {isa = PBXBuildFile; fileRef = E00AA5EF2AE01BA000CEA65E /* CaseStudyUITests.swift */; };
		E00AA5F22AE01BA000CEA65E /* CaseStudyUITestsLaunchTests.swift in Sources */ = {isa = PBXBuildFile; fileRef = E00AA5F12AE01BA000CEA65E /* CaseStudyUITestsLaunchTests.swift */; };
		E03B09F72AE7F86E00B8C3F6 /* WeatherViewModel.swift in Sources */ = {isa = PBXBuildFile; fileRef = E03B09F62AE7F86E00B8C3F6 /* WeatherViewModel.swift */; };
		E03B09F92AE7F87900B8C3F6 /* WeatherModel.swift in Sources */ = {isa = PBXBuildFile; fileRef = E03B09F82AE7F87900B8C3F6 /* WeatherModel.swift */; };
		E03B09FB2AE7F88700B8C3F6 /* WeatherApiService.swift in Sources */ = {isa = PBXBuildFile; fileRef = E03B09FA2AE7F88700B8C3F6 /* WeatherApiService.swift */; };
		E03B09FD2AE7F89700B8C3F6 /* WeatherApiEndPoint.swift in Sources */ = {isa = PBXBuildFile; fileRef = E03B09FC2AE7F89700B8C3F6 /* WeatherApiEndPoint.swift */; };
		E03B09FF2AE7FCA900B8C3F6 /* LocationService.swift in Sources */ = {isa = PBXBuildFile; fileRef = E03B09FE2AE7FCA900B8C3F6 /* LocationService.swift */; };
		E070DD212AF6445100310F92 /* Lottie in Frameworks */ = {isa = PBXBuildFile; productRef = E070DD202AF6445100310F92 /* Lottie */; };
		E087BB442AEFE3F600A9F247 /* WeatherTableViewCell.swift in Sources */ = {isa = PBXBuildFile; fileRef = E087BB432AEFE3F600A9F247 /* WeatherTableViewCell.swift */; };
		E09CA4F82AE656C5001BEFE7 /* CoreLocationUI.framework in Frameworks */ = {isa = PBXBuildFile; fileRef = E09CA4F62AE656C5001BEFE7 /* CoreLocationUI.framework */; };
		E09CA4F92AE656C5001BEFE7 /* CoreLocation.framework in Frameworks */ = {isa = PBXBuildFile; fileRef = E09CA4F72AE656C5001BEFE7 /* CoreLocation.framework */; };
		E09CA4FE2AE658FC001BEFE7 /* DetailViewController.swift in Sources */ = {isa = PBXBuildFile; fileRef = E09CA4FD2AE658FC001BEFE7 /* DetailViewController.swift */; };
		E09CA5012AE68966001BEFE7 /* Alamofire in Frameworks */ = {isa = PBXBuildFile; productRef = E09CA5002AE68966001BEFE7 /* Alamofire */; };
		E0CF14822AF5369100A287EB /* LaunchScreen.storyboard in Resources */ = {isa = PBXBuildFile; fileRef = E0CF14812AF5369100A287EB /* LaunchScreen.storyboard */; };
		E0CF14842AF5370400A287EB /* weatherLottie.json in Resources */ = {isa = PBXBuildFile; fileRef = E0CF14832AF5370400A287EB /* weatherLottie.json */; };
		E0CF14862AF53AF000A287EB /* LaunchScreen.swift in Sources */ = {isa = PBXBuildFile; fileRef = E0CF14852AF53AF000A287EB /* LaunchScreen.swift */; };
		E0E8E2A72AE991DB006AC62E /* OptionallyDecodable in Frameworks */ = {isa = PBXBuildFile; productRef = E0E8E2A62AE991DB006AC62E /* OptionallyDecodable */; };
		E0E8E2AC2AEA65F0006AC62E /* SwiftyJSON in Frameworks */ = {isa = PBXBuildFile; productRef = E0E8E2AB2AEA65F0006AC62E /* SwiftyJSON */; };
		E0FC48422AE92EA600DC1189 /* Constants.swift in Sources */ = {isa = PBXBuildFile; fileRef = E0FC48412AE92EA600DC1189 /* Constants.swift */; };
/* End PBXBuildFile section */

/* Begin PBXContainerItemProxy section */
		E00AA5E22AE01BA000CEA65E /* PBXContainerItemProxy */ = {
			isa = PBXContainerItemProxy;
			containerPortal = E00AA5C32AE01B9D00CEA65E /* Project object */;
			proxyType = 1;
			remoteGlobalIDString = E00AA5CA2AE01B9D00CEA65E;
			remoteInfo = CaseStudy;
		};
		E00AA5EC2AE01BA000CEA65E /* PBXContainerItemProxy */ = {
			isa = PBXContainerItemProxy;
			containerPortal = E00AA5C32AE01B9D00CEA65E /* Project object */;
			proxyType = 1;
			remoteGlobalIDString = E00AA5CA2AE01B9D00CEA65E;
			remoteInfo = CaseStudy;
		};
/* End PBXContainerItemProxy section */

/* Begin PBXFileReference section */
		E00AA5CB2AE01B9D00CEA65E /* CaseStudy.app */ = {isa = PBXFileReference; explicitFileType = wrapper.application; includeInIndex = 0; path = CaseStudy.app; sourceTree = BUILT_PRODUCTS_DIR; };
		E00AA5CE2AE01B9D00CEA65E /* AppDelegate.swift */ = {isa = PBXFileReference; lastKnownFileType = sourcecode.swift; path = AppDelegate.swift; sourceTree = "<group>"; };
		E00AA5D02AE01B9D00CEA65E /* SceneDelegate.swift */ = {isa = PBXFileReference; lastKnownFileType = sourcecode.swift; path = SceneDelegate.swift; sourceTree = "<group>"; };
		E00AA5D22AE01B9D00CEA65E /* ViewController.swift */ = {isa = PBXFileReference; lastKnownFileType = sourcecode.swift; path = ViewController.swift; sourceTree = "<group>"; };
		E00AA5D52AE01B9E00CEA65E /* Base */ = {isa = PBXFileReference; lastKnownFileType = file.storyboard; name = Base; path = Base.lproj/Main.storyboard; sourceTree = "<group>"; };
		E00AA5D72AE01BA000CEA65E /* Assets.xcassets */ = {isa = PBXFileReference; lastKnownFileType = folder.assetcatalog; path = Assets.xcassets; sourceTree = "<group>"; };
		E00AA5DC2AE01BA000CEA65E /* Info.plist */ = {isa = PBXFileReference; lastKnownFileType = text.plist.xml; path = Info.plist; sourceTree = "<group>"; };
		E00AA5E12AE01BA000CEA65E /* CaseStudyTests.xctest */ = {isa = PBXFileReference; explicitFileType = wrapper.cfbundle; includeInIndex = 0; path = CaseStudyTests.xctest; sourceTree = BUILT_PRODUCTS_DIR; };
		E00AA5E52AE01BA000CEA65E /* WeatherViewModelTest.swift */ = {isa = PBXFileReference; lastKnownFileType = sourcecode.swift; path = WeatherViewModelTest.swift; sourceTree = "<group>"; };
		E00AA5EB2AE01BA000CEA65E /* CaseStudyUITests.xctest */ = {isa = PBXFileReference; explicitFileType = wrapper.cfbundle; includeInIndex = 0; path = CaseStudyUITests.xctest; sourceTree = BUILT_PRODUCTS_DIR; };
		E00AA5EF2AE01BA000CEA65E /* CaseStudyUITests.swift */ = {isa = PBXFileReference; lastKnownFileType = sourcecode.swift; path = CaseStudyUITests.swift; sourceTree = "<group>"; };
		E00AA5F12AE01BA000CEA65E /* CaseStudyUITestsLaunchTests.swift */ = {isa = PBXFileReference; lastKnownFileType = sourcecode.swift; path = CaseStudyUITestsLaunchTests.swift; sourceTree = "<group>"; };
		E03B09F62AE7F86E00B8C3F6 /* WeatherViewModel.swift */ = {isa = PBXFileReference; lastKnownFileType = sourcecode.swift; path = WeatherViewModel.swift; sourceTree = "<group>"; };
		E03B09F82AE7F87900B8C3F6 /* WeatherModel.swift */ = {isa = PBXFileReference; lastKnownFileType = sourcecode.swift; path = WeatherModel.swift; sourceTree = "<group>"; };
		E03B09FA2AE7F88700B8C3F6 /* WeatherApiService.swift */ = {isa = PBXFileReference; lastKnownFileType = sourcecode.swift; path = WeatherApiService.swift; sourceTree = "<group>"; };
		E03B09FC2AE7F89700B8C3F6 /* WeatherApiEndPoint.swift */ = {isa = PBXFileReference; lastKnownFileType = sourcecode.swift; path = WeatherApiEndPoint.swift; sourceTree = "<group>"; };
		E03B09FE2AE7FCA900B8C3F6 /* LocationService.swift */ = {isa = PBXFileReference; lastKnownFileType = sourcecode.swift; path = LocationService.swift; sourceTree = "<group>"; };
		E087BB432AEFE3F600A9F247 /* WeatherTableViewCell.swift */ = {isa = PBXFileReference; lastKnownFileType = sourcecode.swift; path = WeatherTableViewCell.swift; sourceTree = "<group>"; };
		E09CA4F62AE656C5001BEFE7 /* CoreLocationUI.framework */ = {isa = PBXFileReference; lastKnownFileType = wrapper.framework; name = CoreLocationUI.framework; path = System/Library/Frameworks/CoreLocationUI.framework; sourceTree = SDKROOT; };
		E09CA4F72AE656C5001BEFE7 /* CoreLocation.framework */ = {isa = PBXFileReference; lastKnownFileType = wrapper.framework; name = CoreLocation.framework; path = System/Library/Frameworks/CoreLocation.framework; sourceTree = SDKROOT; };
		E09CA4FD2AE658FC001BEFE7 /* DetailViewController.swift */ = {isa = PBXFileReference; lastKnownFileType = sourcecode.swift; path = DetailViewController.swift; sourceTree = "<group>"; };
		E0CF14812AF5369100A287EB /* LaunchScreen.storyboard */ = {isa = PBXFileReference; lastKnownFileType = file.storyboard; path = LaunchScreen.storyboard; sourceTree = "<group>"; };
		E0CF14832AF5370400A287EB /* weatherLottie.json */ = {isa = PBXFileReference; fileEncoding = 4; lastKnownFileType = text.json; path = weatherLottie.json; sourceTree = "<group>"; };
		E0CF14852AF53AF000A287EB /* LaunchScreen.swift */ = {isa = PBXFileReference; lastKnownFileType = sourcecode.swift; path = LaunchScreen.swift; sourceTree = "<group>"; };
		E0FC48412AE92EA600DC1189 /* Constants.swift */ = {isa = PBXFileReference; lastKnownFileType = sourcecode.swift; path = Constants.swift; sourceTree = "<group>"; };
/* End PBXFileReference section */

/* Begin PBXFrameworksBuildPhase section */
		E00AA5C82AE01B9D00CEA65E /* Frameworks */ = {
			isa = PBXFrameworksBuildPhase;
			buildActionMask = 2147483647;
			files = (
				E09CA5012AE68966001BEFE7 /* Alamofire in Frameworks */,
				E0E8E2A72AE991DB006AC62E /* OptionallyDecodable in Frameworks */,
				E09CA4F92AE656C5001BEFE7 /* CoreLocation.framework in Frameworks */,
				E0E8E2AC2AEA65F0006AC62E /* SwiftyJSON in Frameworks */,
				E09CA4F82AE656C5001BEFE7 /* CoreLocationUI.framework in Frameworks */,
				E070DD212AF6445100310F92 /* Lottie in Frameworks */,
			);
			runOnlyForDeploymentPostprocessing = 0;
		};
		E00AA5DE2AE01BA000CEA65E /* Frameworks */ = {
			isa = PBXFrameworksBuildPhase;
			buildActionMask = 2147483647;
			files = (
			);
			runOnlyForDeploymentPostprocessing = 0;
		};
		E00AA5E82AE01BA000CEA65E /* Frameworks */ = {
			isa = PBXFrameworksBuildPhase;
			buildActionMask = 2147483647;
			files = (
			);
			runOnlyForDeploymentPostprocessing = 0;
		};
/* End PBXFrameworksBuildPhase section */

/* Begin PBXGroup section */
		E00AA5C22AE01B9D00CEA65E = {
			isa = PBXGroup;
			children = (
				E00AA5CD2AE01B9D00CEA65E /* CaseStudy */,
				E00AA5E42AE01BA000CEA65E /* CaseStudyTests */,
				E00AA5EE2AE01BA000CEA65E /* CaseStudyUITests */,
				E00AA5CC2AE01B9D00CEA65E /* Products */,
				E09CA4F52AE6569C001BEFE7 /* Frameworks */,
			);
			sourceTree = "<group>";
		};
		E00AA5CC2AE01B9D00CEA65E /* Products */ = {
			isa = PBXGroup;
			children = (
				E00AA5CB2AE01B9D00CEA65E /* CaseStudy.app */,
				E00AA5E12AE01BA000CEA65E /* CaseStudyTests.xctest */,
				E00AA5EB2AE01BA000CEA65E /* CaseStudyUITests.xctest */,
			);
			name = Products;
			sourceTree = "<group>";
		};
		E00AA5CD2AE01B9D00CEA65E /* CaseStudy */ = {
			isa = PBXGroup;
			children = (
				E06F98042AF68DDB007470E8 /* LaunchPage */,
				E06F98022AF68DA7007470E8 /* MainPage */,
				E06F98012AF68D57007470E8 /* WeatherDetailPage */,
				E00AA5CE2AE01B9D00CEA65E /* AppDelegate.swift */,
				E00AA5D02AE01B9D00CEA65E /* SceneDelegate.swift */,
				E00AA5D42AE01B9E00CEA65E /* Main.storyboard */,
				E00AA5D72AE01BA000CEA65E /* Assets.xcassets */,
				E00AA5DC2AE01BA000CEA65E /* Info.plist */,
				E06F98072AF68E42007470E8 /* Utils */,
			);
			path = CaseStudy;
			sourceTree = "<group>";
		};
		E00AA5E42AE01BA000CEA65E /* CaseStudyTests */ = {
			isa = PBXGroup;
			children = (
				E00AA5E52AE01BA000CEA65E /* WeatherViewModelTest.swift */,
			);
			path = CaseStudyTests;
			sourceTree = "<group>";
		};
		E00AA5EE2AE01BA000CEA65E /* CaseStudyUITests */ = {
			isa = PBXGroup;
			children = (
				E00AA5EF2AE01BA000CEA65E /* CaseStudyUITests.swift */,
				E00AA5F12AE01BA000CEA65E /* CaseStudyUITestsLaunchTests.swift */,
			);
			path = CaseStudyUITests;
			sourceTree = "<group>";
		};
		E03B09F22AE7F83B00B8C3F6 /* ViewModel */ = {
			isa = PBXGroup;
			children = (
				E03B09F62AE7F86E00B8C3F6 /* WeatherViewModel.swift */,
			);
			path = ViewModel;
			sourceTree = "<group>";
		};
		E03B09F32AE7F84800B8C3F6 /* Model */ = {
			isa = PBXGroup;
			children = (
				E03B09F82AE7F87900B8C3F6 /* WeatherModel.swift */,
			);
			path = Model;
			sourceTree = "<group>";
		};
		E03B09F42AE7F85000B8C3F6 /* View */ = {
			isa = PBXGroup;
			children = (
				E087BB432AEFE3F600A9F247 /* WeatherTableViewCell.swift */,
				E09CA4FD2AE658FC001BEFE7 /* DetailViewController.swift */,
			);
			path = View;
			sourceTree = "<group>";
		};
		E03B09F52AE7F85900B8C3F6 /* Service */ = {
			isa = PBXGroup;
			children = (
				E03B09FA2AE7F88700B8C3F6 /* WeatherApiService.swift */,
				E03B09FC2AE7F89700B8C3F6 /* WeatherApiEndPoint.swift */,
				E03B09FE2AE7FCA900B8C3F6 /* LocationService.swift */,
			);
			path = Service;
			sourceTree = "<group>";
		};
		E06F98012AF68D57007470E8 /* WeatherDetailPage */ = {
			isa = PBXGroup;
			children = (
				E03B09F42AE7F85000B8C3F6 /* View */,
				E03B09F52AE7F85900B8C3F6 /* Service */,
				E03B09F22AE7F83B00B8C3F6 /* ViewModel */,
				E03B09F32AE7F84800B8C3F6 /* Model */,
			);
			path = WeatherDetailPage;
			sourceTree = "<group>";
		};
		E06F98022AF68DA7007470E8 /* MainPage */ = {
			isa = PBXGroup;
			children = (
				E06F98032AF68DBA007470E8 /* View */,
			);
			path = MainPage;
			sourceTree = "<group>";
		};
		E06F98032AF68DBA007470E8 /* View */ = {
			isa = PBXGroup;
			children = (
				E00AA5D22AE01B9D00CEA65E /* ViewController.swift */,
			);
			path = View;
			sourceTree = "<group>";
		};
		E06F98042AF68DDB007470E8 /* LaunchPage */ = {
			isa = PBXGroup;
			children = (
				E06F98062AF68DF9007470E8 /* Model */,
				E06F98052AF68DEA007470E8 /* View */,
			);
			path = LaunchPage;
			sourceTree = "<group>";
		};
		E06F98052AF68DEA007470E8 /* View */ = {
			isa = PBXGroup;
			children = (
				E0CF14812AF5369100A287EB /* LaunchScreen.storyboard */,
				E0CF14852AF53AF000A287EB /* LaunchScreen.swift */,
			);
			path = View;
			sourceTree = "<group>";
		};
		E06F98062AF68DF9007470E8 /* Model */ = {
			isa = PBXGroup;
			children = (
				E0CF14832AF5370400A287EB /* weatherLottie.json */,
			);
			path = Model;
			sourceTree = "<group>";
		};
		E06F98072AF68E42007470E8 /* Utils */ = {
			isa = PBXGroup;
			children = (
				E0FC48412AE92EA600DC1189 /* Constants.swift */,
			);
			path = Utils;
			sourceTree = "<group>";
		};
		E09CA4F52AE6569C001BEFE7 /* Frameworks */ = {
			isa = PBXGroup;
			children = (
				E09CA4F72AE656C5001BEFE7 /* CoreLocation.framework */,
				E09CA4F62AE656C5001BEFE7 /* CoreLocationUI.framework */,
			);
			name = Frameworks;
			sourceTree = "<group>";
		};
/* End PBXGroup section */

/* Begin PBXNativeTarget section */
		E00AA5CA2AE01B9D00CEA65E /* CaseStudy */ = {
			isa = PBXNativeTarget;
			buildConfigurationList = E00AA5F52AE01BA000CEA65E /* Build configuration list for PBXNativeTarget "CaseStudy" */;
			buildPhases = (
				E00AA5C72AE01B9D00CEA65E /* Sources */,
				E00AA5C82AE01B9D00CEA65E /* Frameworks */,
				E00AA5C92AE01B9D00CEA65E /* Resources */,
			);
			buildRules = (
			);
			dependencies = (
			);
			name = CaseStudy;
			packageProductDependencies = (
				E09CA5002AE68966001BEFE7 /* Alamofire */,
				E0E8E2A62AE991DB006AC62E /* OptionallyDecodable */,
				E0E8E2AB2AEA65F0006AC62E /* SwiftyJSON */,
				E070DD202AF6445100310F92 /* Lottie */,
			);
			productName = CaseStudy;
			productReference = E00AA5CB2AE01B9D00CEA65E /* CaseStudy.app */;
			productType = "com.apple.product-type.application";
		};
		E00AA5E02AE01BA000CEA65E /* CaseStudyTests */ = {
			isa = PBXNativeTarget;
			buildConfigurationList = E00AA5F82AE01BA000CEA65E /* Build configuration list for PBXNativeTarget "CaseStudyTests" */;
			buildPhases = (
				E00AA5DD2AE01BA000CEA65E /* Sources */,
				E00AA5DE2AE01BA000CEA65E /* Frameworks */,
				E00AA5DF2AE01BA000CEA65E /* Resources */,
			);
			buildRules = (
			);
			dependencies = (
				E00AA5E32AE01BA000CEA65E /* PBXTargetDependency */,
			);
			name = CaseStudyTests;
			productName = CaseStudyTests;
			productReference = E00AA5E12AE01BA000CEA65E /* CaseStudyTests.xctest */;
			productType = "com.apple.product-type.bundle.unit-test";
		};
		E00AA5EA2AE01BA000CEA65E /* CaseStudyUITests */ = {
			isa = PBXNativeTarget;
			buildConfigurationList = E00AA5FB2AE01BA000CEA65E /* Build configuration list for PBXNativeTarget "CaseStudyUITests" */;
			buildPhases = (
				E00AA5E72AE01BA000CEA65E /* Sources */,
				E00AA5E82AE01BA000CEA65E /* Frameworks */,
				E00AA5E92AE01BA000CEA65E /* Resources */,
			);
			buildRules = (
			);
			dependencies = (
				E00AA5ED2AE01BA000CEA65E /* PBXTargetDependency */,
			);
			name = CaseStudyUITests;
			productName = CaseStudyUITests;
			productReference = E00AA5EB2AE01BA000CEA65E /* CaseStudyUITests.xctest */;
			productType = "com.apple.product-type.bundle.ui-testing";
		};
/* End PBXNativeTarget section */

/* Begin PBXProject section */
		E00AA5C32AE01B9D00CEA65E /* Project object */ = {
			isa = PBXProject;
			attributes = {
				BuildIndependentTargetsInParallel = 1;
				LastSwiftUpdateCheck = 1500;
				LastUpgradeCheck = 1500;
				TargetAttributes = {
					E00AA5CA2AE01B9D00CEA65E = {
						CreatedOnToolsVersion = 15.0;
					};
					E00AA5E02AE01BA000CEA65E = {
						CreatedOnToolsVersion = 15.0;
						TestTargetID = E00AA5CA2AE01B9D00CEA65E;
					};
					E00AA5EA2AE01BA000CEA65E = {
						CreatedOnToolsVersion = 15.0;
						TestTargetID = E00AA5CA2AE01B9D00CEA65E;
					};
				};
			};
			buildConfigurationList = E00AA5C62AE01B9D00CEA65E /* Build configuration list for PBXProject "CaseStudy" */;
			compatibilityVersion = "Xcode 14.0";
			developmentRegion = en;
			hasScannedForEncodings = 0;
			knownRegions = (
				en,
				Base,
			);
			mainGroup = E00AA5C22AE01B9D00CEA65E;
			packageReferences = (
				E09CA4FF2AE68966001BEFE7 /* XCRemoteSwiftPackageReference "Alamofire" */,
				E0E8E2A52AE991DB006AC62E /* XCRemoteSwiftPackageReference "OptionallyDecodable" */,
				E0E8E2AA2AEA65F0006AC62E /* XCRemoteSwiftPackageReference "SwiftyJSON" */,
				E0CF147E2AF5352900A287EB /* XCRemoteSwiftPackageReference "lottie-spm" */,
			);
			productRefGroup = E00AA5CC2AE01B9D00CEA65E /* Products */;
			projectDirPath = "";
			projectRoot = "";
			targets = (
				E00AA5CA2AE01B9D00CEA65E /* CaseStudy */,
				E00AA5E02AE01BA000CEA65E /* CaseStudyTests */,
				E00AA5EA2AE01BA000CEA65E /* CaseStudyUITests */,
			);
		};
/* End PBXProject section */

/* Begin PBXResourcesBuildPhase section */
		E00AA5C92AE01B9D00CEA65E /* Resources */ = {
			isa = PBXResourcesBuildPhase;
			buildActionMask = 2147483647;
			files = (
				E0CF14822AF5369100A287EB /* LaunchScreen.storyboard in Resources */,
				E00AA5D82AE01BA000CEA65E /* Assets.xcassets in Resources */,
				E0CF14842AF5370400A287EB /* weatherLottie.json in Resources */,
				E00AA5D62AE01B9E00CEA65E /* Main.storyboard in Resources */,
			);
			runOnlyForDeploymentPostprocessing = 0;
		};
		E00AA5DF2AE01BA000CEA65E /* Resources */ = {
			isa = PBXResourcesBuildPhase;
			buildActionMask = 2147483647;
			files = (
			);
			runOnlyForDeploymentPostprocessing = 0;
		};
		E00AA5E92AE01BA000CEA65E /* Resources */ = {
			isa = PBXResourcesBuildPhase;
			buildActionMask = 2147483647;
			files = (
			);
			runOnlyForDeploymentPostprocessing = 0;
		};
/* End PBXResourcesBuildPhase section */

/* Begin PBXSourcesBuildPhase section */
		E00AA5C72AE01B9D00CEA65E /* Sources */ = {
			isa = PBXSourcesBuildPhase;
			buildActionMask = 2147483647;
			files = (
				E03B09F72AE7F86E00B8C3F6 /* WeatherViewModel.swift in Sources */,
				E00AA5D32AE01B9D00CEA65E /* ViewController.swift in Sources */,
				E087BB442AEFE3F600A9F247 /* WeatherTableViewCell.swift in Sources */,
				E0FC48422AE92EA600DC1189 /* Constants.swift in Sources */,
				E00AA5CF2AE01B9D00CEA65E /* AppDelegate.swift in Sources */,
				E00AA5D12AE01B9D00CEA65E /* SceneDelegate.swift in Sources */,
				E03B09FB2AE7F88700B8C3F6 /* WeatherApiService.swift in Sources */,
				E03B09F92AE7F87900B8C3F6 /* WeatherModel.swift in Sources */,
				E0CF14862AF53AF000A287EB /* LaunchScreen.swift in Sources */,
				E03B09FD2AE7F89700B8C3F6 /* WeatherApiEndPoint.swift in Sources */,
				E03B09FF2AE7FCA900B8C3F6 /* LocationService.swift in Sources */,
				E09CA4FE2AE658FC001BEFE7 /* DetailViewController.swift in Sources */,
			);
			runOnlyForDeploymentPostprocessing = 0;
		};
		E00AA5DD2AE01BA000CEA65E /* Sources */ = {
			isa = PBXSourcesBuildPhase;
			buildActionMask = 2147483647;
			files = (
				E00AA5E62AE01BA000CEA65E /* WeatherViewModelTest.swift in Sources */,
			);
			runOnlyForDeploymentPostprocessing = 0;
		};
		E00AA5E72AE01BA000CEA65E /* Sources */ = {
			isa = PBXSourcesBuildPhase;
			buildActionMask = 2147483647;
			files = (
				E00AA5F22AE01BA000CEA65E /* CaseStudyUITestsLaunchTests.swift in Sources */,
				E00AA5F02AE01BA000CEA65E /* CaseStudyUITests.swift in Sources */,
			);
			runOnlyForDeploymentPostprocessing = 0;
		};
/* End PBXSourcesBuildPhase section */

/* Begin PBXTargetDependency section */
		E00AA5E32AE01BA000CEA65E /* PBXTargetDependency */ = {
			isa = PBXTargetDependency;
			target = E00AA5CA2AE01B9D00CEA65E /* CaseStudy */;
			targetProxy = E00AA5E22AE01BA000CEA65E /* PBXContainerItemProxy */;
		};
		E00AA5ED2AE01BA000CEA65E /* PBXTargetDependency */ = {
			isa = PBXTargetDependency;
			target = E00AA5CA2AE01B9D00CEA65E /* CaseStudy */;
			targetProxy = E00AA5EC2AE01BA000CEA65E /* PBXContainerItemProxy */;
		};
/* End PBXTargetDependency section */

/* Begin PBXVariantGroup section */
		E00AA5D42AE01B9E00CEA65E /* Main.storyboard */ = {
			isa = PBXVariantGroup;
			children = (
				E00AA5D52AE01B9E00CEA65E /* Base */,
			);
			name = Main.storyboard;
			sourceTree = "<group>";
		};
/* End PBXVariantGroup section */

/* Begin XCBuildConfiguration section */
		E00AA5F32AE01BA000CEA65E /* Debug */ = {
			isa = XCBuildConfiguration;
			buildSettings = {
				ALWAYS_SEARCH_USER_PATHS = NO;
				ASSETCATALOG_COMPILER_GENERATE_SWIFT_ASSET_SYMBOL_EXTENSIONS = YES;
				CLANG_ANALYZER_NONNULL = YES;
				CLANG_ANALYZER_NUMBER_OBJECT_CONVERSION = YES_AGGRESSIVE;
				CLANG_CXX_LANGUAGE_STANDARD = "gnu++20";
				CLANG_ENABLE_MODULES = YES;
				CLANG_ENABLE_OBJC_ARC = YES;
				CLANG_ENABLE_OBJC_WEAK = YES;
				CLANG_WARN_BLOCK_CAPTURE_AUTORELEASING = YES;
				CLANG_WARN_BOOL_CONVERSION = YES;
				CLANG_WARN_COMMA = YES;
				CLANG_WARN_CONSTANT_CONVERSION = YES;
				CLANG_WARN_DEPRECATED_OBJC_IMPLEMENTATIONS = YES;
				CLANG_WARN_DIRECT_OBJC_ISA_USAGE = YES_ERROR;
				CLANG_WARN_DOCUMENTATION_COMMENTS = YES;
				CLANG_WARN_EMPTY_BODY = YES;
				CLANG_WARN_ENUM_CONVERSION = YES;
				CLANG_WARN_INFINITE_RECURSION = YES;
				CLANG_WARN_INT_CONVERSION = YES;
				CLANG_WARN_NON_LITERAL_NULL_CONVERSION = YES;
				CLANG_WARN_OBJC_IMPLICIT_RETAIN_SELF = YES;
				CLANG_WARN_OBJC_LITERAL_CONVERSION = YES;
				CLANG_WARN_OBJC_ROOT_CLASS = YES_ERROR;
				CLANG_WARN_QUOTED_INCLUDE_IN_FRAMEWORK_HEADER = YES;
				CLANG_WARN_RANGE_LOOP_ANALYSIS = YES;
				CLANG_WARN_STRICT_PROTOTYPES = YES;
				CLANG_WARN_SUSPICIOUS_MOVE = YES;
				CLANG_WARN_UNGUARDED_AVAILABILITY = YES_AGGRESSIVE;
				CLANG_WARN_UNREACHABLE_CODE = YES;
				CLANG_WARN__DUPLICATE_METHOD_MATCH = YES;
				COPY_PHASE_STRIP = NO;
				DEBUG_INFORMATION_FORMAT = dwarf;
				ENABLE_STRICT_OBJC_MSGSEND = YES;
				ENABLE_TESTABILITY = YES;
				ENABLE_USER_SCRIPT_SANDBOXING = YES;
				GCC_C_LANGUAGE_STANDARD = gnu17;
				GCC_DYNAMIC_NO_PIC = NO;
				GCC_NO_COMMON_BLOCKS = YES;
				GCC_OPTIMIZATION_LEVEL = 0;
				GCC_PREPROCESSOR_DEFINITIONS = (
					"DEBUG=1",
					"$(inherited)",
				);
				GCC_WARN_64_TO_32_BIT_CONVERSION = YES;
				GCC_WARN_ABOUT_RETURN_TYPE = YES_ERROR;
				GCC_WARN_UNDECLARED_SELECTOR = YES;
				GCC_WARN_UNINITIALIZED_AUTOS = YES_AGGRESSIVE;
				GCC_WARN_UNUSED_FUNCTION = YES;
				GCC_WARN_UNUSED_VARIABLE = YES;
				IPHONEOS_DEPLOYMENT_TARGET = 17.0;
				LOCALIZATION_PREFERS_STRING_CATALOGS = YES;
				MTL_ENABLE_DEBUG_INFO = INCLUDE_SOURCE;
				MTL_FAST_MATH = YES;
				ONLY_ACTIVE_ARCH = YES;
				SDKROOT = iphoneos;
				SWIFT_ACTIVE_COMPILATION_CONDITIONS = "DEBUG $(inherited)";
				SWIFT_OPTIMIZATION_LEVEL = "-Onone";
			};
			name = Debug;
		};
		E00AA5F42AE01BA000CEA65E /* Release */ = {
			isa = XCBuildConfiguration;
			buildSettings = {
				ALWAYS_SEARCH_USER_PATHS = NO;
				ASSETCATALOG_COMPILER_GENERATE_SWIFT_ASSET_SYMBOL_EXTENSIONS = YES;
				CLANG_ANALYZER_NONNULL = YES;
				CLANG_ANALYZER_NUMBER_OBJECT_CONVERSION = YES_AGGRESSIVE;
				CLANG_CXX_LANGUAGE_STANDARD = "gnu++20";
				CLANG_ENABLE_MODULES = YES;
				CLANG_ENABLE_OBJC_ARC = YES;
				CLANG_ENABLE_OBJC_WEAK = YES;
				CLANG_WARN_BLOCK_CAPTURE_AUTORELEASING = YES;
				CLANG_WARN_BOOL_CONVERSION = YES;
				CLANG_WARN_COMMA = YES;
				CLANG_WARN_CONSTANT_CONVERSION = YES;
				CLANG_WARN_DEPRECATED_OBJC_IMPLEMENTATIONS = YES;
				CLANG_WARN_DIRECT_OBJC_ISA_USAGE = YES_ERROR;
				CLANG_WARN_DOCUMENTATION_COMMENTS = YES;
				CLANG_WARN_EMPTY_BODY = YES;
				CLANG_WARN_ENUM_CONVERSION = YES;
				CLANG_WARN_INFINITE_RECURSION = YES;
				CLANG_WARN_INT_CONVERSION = YES;
				CLANG_WARN_NON_LITERAL_NULL_CONVERSION = YES;
				CLANG_WARN_OBJC_IMPLICIT_RETAIN_SELF = YES;
				CLANG_WARN_OBJC_LITERAL_CONVERSION = YES;
				CLANG_WARN_OBJC_ROOT_CLASS = YES_ERROR;
				CLANG_WARN_QUOTED_INCLUDE_IN_FRAMEWORK_HEADER = YES;
				CLANG_WARN_RANGE_LOOP_ANALYSIS = YES;
				CLANG_WARN_STRICT_PROTOTYPES = YES;
				CLANG_WARN_SUSPICIOUS_MOVE = YES;
				CLANG_WARN_UNGUARDED_AVAILABILITY = YES_AGGRESSIVE;
				CLANG_WARN_UNREACHABLE_CODE = YES;
				CLANG_WARN__DUPLICATE_METHOD_MATCH = YES;
				COPY_PHASE_STRIP = NO;
				DEBUG_INFORMATION_FORMAT = "dwarf-with-dsym";
				ENABLE_NS_ASSERTIONS = NO;
				ENABLE_STRICT_OBJC_MSGSEND = YES;
				ENABLE_USER_SCRIPT_SANDBOXING = YES;
				GCC_C_LANGUAGE_STANDARD = gnu17;
				GCC_NO_COMMON_BLOCKS = YES;
				GCC_WARN_64_TO_32_BIT_CONVERSION = YES;
				GCC_WARN_ABOUT_RETURN_TYPE = YES_ERROR;
				GCC_WARN_UNDECLARED_SELECTOR = YES;
				GCC_WARN_UNINITIALIZED_AUTOS = YES_AGGRESSIVE;
				GCC_WARN_UNUSED_FUNCTION = YES;
				GCC_WARN_UNUSED_VARIABLE = YES;
				IPHONEOS_DEPLOYMENT_TARGET = 17.0;
				LOCALIZATION_PREFERS_STRING_CATALOGS = YES;
				MTL_ENABLE_DEBUG_INFO = NO;
				MTL_FAST_MATH = YES;
				SDKROOT = iphoneos;
				SWIFT_COMPILATION_MODE = wholemodule;
				VALIDATE_PRODUCT = YES;
			};
			name = Release;
		};
		E00AA5F62AE01BA000CEA65E /* Debug */ = {
			isa = XCBuildConfiguration;
			buildSettings = {
				ASSETCATALOG_COMPILER_APPICON_NAME = AppIcon;
				ASSETCATALOG_COMPILER_GLOBAL_ACCENT_COLOR_NAME = AccentColor;
				ASSETCATALOG_COMPILER_INCLUDE_ALL_APPICON_ASSETS = NO;
				CODE_SIGN_STYLE = Automatic;
				CURRENT_PROJECT_VERSION = 1;
				DEVELOPMENT_TEAM = 39545B6YAC;
				GENERATE_INFOPLIST_FILE = YES;
				INFOPLIST_FILE = CaseStudy/Info.plist;
				INFOPLIST_KEY_CFBundleDisplayName = Weather;
				INFOPLIST_KEY_NSLocationWhenInUseUsageDescription = "";
				INFOPLIST_KEY_UIApplicationSupportsIndirectInputEvents = YES;
				INFOPLIST_KEY_UILaunchStoryboardName = LaunchScreen.storyboard;
				INFOPLIST_KEY_UIMainStoryboardFile = Main;
				INFOPLIST_KEY_UISupportedInterfaceOrientations_iPad = "UIInterfaceOrientationPortrait UIInterfaceOrientationPortraitUpsideDown UIInterfaceOrientationLandscapeLeft UIInterfaceOrientationLandscapeRight";
				INFOPLIST_KEY_UISupportedInterfaceOrientations_iPhone = "UIInterfaceOrientationPortrait UIInterfaceOrientationLandscapeLeft UIInterfaceOrientationLandscapeRight";
				LD_RUNPATH_SEARCH_PATHS = (
					"$(inherited)",
					"@executable_path/Frameworks",
				);
				MARKETING_VERSION = 1.0;
				PRODUCT_BUNDLE_IDENTIFIER = com.CaseStudy;
				PRODUCT_NAME = "$(TARGET_NAME)";
				SWIFT_EMIT_LOC_STRINGS = YES;
				SWIFT_VERSION = 5.0;
				TARGETED_DEVICE_FAMILY = "1,2";
			};
			name = Debug;
		};
		E00AA5F72AE01BA000CEA65E /* Release */ = {
			isa = XCBuildConfiguration;
			buildSettings = {
				ASSETCATALOG_COMPILER_APPICON_NAME = AppIcon;
				ASSETCATALOG_COMPILER_GLOBAL_ACCENT_COLOR_NAME = AccentColor;
				ASSETCATALOG_COMPILER_INCLUDE_ALL_APPICON_ASSETS = NO;
				CODE_SIGN_STYLE = Automatic;
				CURRENT_PROJECT_VERSION = 1;
				DEVELOPMENT_TEAM = 39545B6YAC;
				GENERATE_INFOPLIST_FILE = YES;
				INFOPLIST_FILE = CaseStudy/Info.plist;
				INFOPLIST_KEY_CFBundleDisplayName = Weather;
				INFOPLIST_KEY_NSLocationWhenInUseUsageDescription = "";
				INFOPLIST_KEY_UIApplicationSupportsIndirectInputEvents = YES;
				INFOPLIST_KEY_UILaunchStoryboardName = LaunchScreen.storyboard;
				INFOPLIST_KEY_UIMainStoryboardFile = Main;
				INFOPLIST_KEY_UISupportedInterfaceOrientations_iPad = "UIInterfaceOrientationPortrait UIInterfaceOrientationPortraitUpsideDown UIInterfaceOrientationLandscapeLeft UIInterfaceOrientationLandscapeRight";
				INFOPLIST_KEY_UISupportedInterfaceOrientations_iPhone = "UIInterfaceOrientationPortrait UIInterfaceOrientationLandscapeLeft UIInterfaceOrientationLandscapeRight";
				LD_RUNPATH_SEARCH_PATHS = (
					"$(inherited)",
					"@executable_path/Frameworks",
				);
				MARKETING_VERSION = 1.0;
				PRODUCT_BUNDLE_IDENTIFIER = com.CaseStudy;
				PRODUCT_NAME = "$(TARGET_NAME)";
				SWIFT_EMIT_LOC_STRINGS = YES;
				SWIFT_VERSION = 5.0;
				TARGETED_DEVICE_FAMILY = "1,2";
			};
			name = Release;
		};
		E00AA5F92AE01BA000CEA65E /* Debug */ = {
			isa = XCBuildConfiguration;
			buildSettings = {
				ALWAYS_EMBED_SWIFT_STANDARD_LIBRARIES = YES;
				BUNDLE_LOADER = "$(TEST_HOST)";
				CODE_SIGN_STYLE = Automatic;
				CURRENT_PROJECT_VERSION = 1;
				DEVELOPMENT_TEAM = 39545B6YAC;
				GENERATE_INFOPLIST_FILE = YES;
				IPHONEOS_DEPLOYMENT_TARGET = 17.0;
				MARKETING_VERSION = 1.0;
				PRODUCT_BUNDLE_IDENTIFIER = com.CaseStudyTests;
				PRODUCT_NAME = "$(TARGET_NAME)";
				SWIFT_EMIT_LOC_STRINGS = NO;
				SWIFT_VERSION = 5.0;
				TARGETED_DEVICE_FAMILY = "1,2";
				TEST_HOST = "$(BUILT_PRODUCTS_DIR)/CaseStudy.app/$(BUNDLE_EXECUTABLE_FOLDER_PATH)/CaseStudy";
			};
			name = Debug;
		};
		E00AA5FA2AE01BA000CEA65E /* Release */ = {
			isa = XCBuildConfiguration;
			buildSettings = {
				ALWAYS_EMBED_SWIFT_STANDARD_LIBRARIES = YES;
				BUNDLE_LOADER = "$(TEST_HOST)";
				CODE_SIGN_STYLE = Automatic;
				CURRENT_PROJECT_VERSION = 1;
				DEVELOPMENT_TEAM = 39545B6YAC;
				GENERATE_INFOPLIST_FILE = YES;
				IPHONEOS_DEPLOYMENT_TARGET = 17.0;
				MARKETING_VERSION = 1.0;
				PRODUCT_BUNDLE_IDENTIFIER = com.CaseStudyTests;
				PRODUCT_NAME = "$(TARGET_NAME)";
				SWIFT_EMIT_LOC_STRINGS = NO;
				SWIFT_VERSION = 5.0;
				TARGETED_DEVICE_FAMILY = "1,2";
				TEST_HOST = "$(BUILT_PRODUCTS_DIR)/CaseStudy.app/$(BUNDLE_EXECUTABLE_FOLDER_PATH)/CaseStudy";
			};
			name = Release;
		};
		E00AA5FC2AE01BA000CEA65E /* Debug */ = {
			isa = XCBuildConfiguration;
			buildSettings = {
				ALWAYS_EMBED_SWIFT_STANDARD_LIBRARIES = YES;
				CODE_SIGN_STYLE = Automatic;
				CURRENT_PROJECT_VERSION = 1;
				DEVELOPMENT_TEAM = 39545B6YAC;
				GENERATE_INFOPLIST_FILE = YES;
				MARKETING_VERSION = 1.0;
				PRODUCT_BUNDLE_IDENTIFIER = com.CaseStudyUITests;
				PRODUCT_NAME = "$(TARGET_NAME)";
				SWIFT_EMIT_LOC_STRINGS = NO;
				SWIFT_VERSION = 5.0;
				TARGETED_DEVICE_FAMILY = "1,2";
				TEST_TARGET_NAME = CaseStudy;
			};
			name = Debug;
		};
		E00AA5FD2AE01BA000CEA65E /* Release */ = {
			isa = XCBuildConfiguration;
			buildSettings = {
				ALWAYS_EMBED_SWIFT_STANDARD_LIBRARIES = YES;
				CODE_SIGN_STYLE = Automatic;
				CURRENT_PROJECT_VERSION = 1;
				DEVELOPMENT_TEAM = 39545B6YAC;
				GENERATE_INFOPLIST_FILE = YES;
				MARKETING_VERSION = 1.0;
				PRODUCT_BUNDLE_IDENTIFIER = com.CaseStudyUITests;
				PRODUCT_NAME = "$(TARGET_NAME)";
				SWIFT_EMIT_LOC_STRINGS = NO;
				SWIFT_VERSION = 5.0;
				TARGETED_DEVICE_FAMILY = "1,2";
				TEST_TARGET_NAME = CaseStudy;
			};
			name = Release;
		};
/* End XCBuildConfiguration section */

/* Begin XCConfigurationList section */
		E00AA5C62AE01B9D00CEA65E /* Build configuration list for PBXProject "CaseStudy" */ = {
			isa = XCConfigurationList;
			buildConfigurations = (
				E00AA5F32AE01BA000CEA65E /* Debug */,
				E00AA5F42AE01BA000CEA65E /* Release */,
			);
			defaultConfigurationIsVisible = 0;
			defaultConfigurationName = Release;
		};
		E00AA5F52AE01BA000CEA65E /* Build configuration list for PBXNativeTarget "CaseStudy" */ = {
			isa = XCConfigurationList;
			buildConfigurations = (
				E00AA5F62AE01BA000CEA65E /* Debug */,
				E00AA5F72AE01BA000CEA65E /* Release */,
			);
			defaultConfigurationIsVisible = 0;
			defaultConfigurationName = Release;
		};
		E00AA5F82AE01BA000CEA65E /* Build configuration list for PBXNativeTarget "CaseStudyTests" */ = {
			isa = XCConfigurationList;
			buildConfigurations = (
				E00AA5F92AE01BA000CEA65E /* Debug */,
				E00AA5FA2AE01BA000CEA65E /* Release */,
			);
			defaultConfigurationIsVisible = 0;
			defaultConfigurationName = Release;
		};
		E00AA5FB2AE01BA000CEA65E /* Build configuration list for PBXNativeTarget "CaseStudyUITests" */ = {
			isa = XCConfigurationList;
			buildConfigurations = (
				E00AA5FC2AE01BA000CEA65E /* Debug */,
				E00AA5FD2AE01BA000CEA65E /* Release */,
			);
			defaultConfigurationIsVisible = 0;
			defaultConfigurationName = Release;
		};
/* End XCConfigurationList section */

/* Begin XCRemoteSwiftPackageReference section */
		E09CA4FF2AE68966001BEFE7 /* XCRemoteSwiftPackageReference "Alamofire" */ = {
			isa = XCRemoteSwiftPackageReference;
			repositoryURL = "https://github.com/Alamofire/Alamofire";
			requirement = {
				kind = upToNextMajorVersion;
				minimumVersion = 5.8.0;
			};
		};
		E0CF147E2AF5352900A287EB /* XCRemoteSwiftPackageReference "lottie-spm" */ = {
			isa = XCRemoteSwiftPackageReference;
			repositoryURL = "https://github.com/airbnb/lottie-spm.git";
			requirement = {
				kind = upToNextMajorVersion;
				minimumVersion = 4.3.3;
			};
		};
		E0E8E2A52AE991DB006AC62E /* XCRemoteSwiftPackageReference "OptionallyDecodable" */ = {
			isa = XCRemoteSwiftPackageReference;
			repositoryURL = "https://github.com/idrougge/OptionallyDecodable";
			requirement = {
				kind = upToNextMajorVersion;
				minimumVersion = 1.2.0;
			};
		};
		E0E8E2AA2AEA65F0006AC62E /* XCRemoteSwiftPackageReference "SwiftyJSON" */ = {
			isa = XCRemoteSwiftPackageReference;
			repositoryURL = "https://github.com/SwiftyJSON/SwiftyJSON.git";
			requirement = {
				kind = upToNextMajorVersion;
				minimumVersion = 5.0.1;
			};
		};
/* End XCRemoteSwiftPackageReference section */

/* Begin XCSwiftPackageProductDependency section */
		E070DD202AF6445100310F92 /* Lottie */ = {
			isa = XCSwiftPackageProductDependency;
			package = E0CF147E2AF5352900A287EB /* XCRemoteSwiftPackageReference "lottie-spm" */;
			productName = Lottie;
		};
		E09CA5002AE68966001BEFE7 /* Alamofire */ = {
			isa = XCSwiftPackageProductDependency;
			package = E09CA4FF2AE68966001BEFE7 /* XCRemoteSwiftPackageReference "Alamofire" */;
			productName = Alamofire;
		};
		E0E8E2A62AE991DB006AC62E /* OptionallyDecodable */ = {
			isa = XCSwiftPackageProductDependency;
			package = E0E8E2A52AE991DB006AC62E /* XCRemoteSwiftPackageReference "OptionallyDecodable" */;
			productName = OptionallyDecodable;
		};
		E0E8E2AB2AEA65F0006AC62E /* SwiftyJSON */ = {
			isa = XCSwiftPackageProductDependency;
			package = E0E8E2AA2AEA65F0006AC62E /* XCRemoteSwiftPackageReference "SwiftyJSON" */;
			productName = SwiftyJSON;
		};
/* End XCSwiftPackageProductDependency section */
	};
	rootObject = E00AA5C32AE01B9D00CEA65E /* Project object */;
}
